<?xml version="1.0" encoding="UTF-8" standalone="yes" ?>
<CodeBlocks_project_file>
	<FileVersion major="1" minor="6" />
	<Project>
		<Option title="DivFix++" />
		<Option pch_mode="0" />
		<Option default_target="Debug-CLI" />
		<Option compiler="gcc" />
		<Option virtualFolders="Doc/;" />
		<Build>
			<Target title="Debug">
				<Option output="bin/Debug/DivFix++" prefix_auto="0" extension_auto="0" />
				<Option object_output="obj/Debug/" />
				<Option type="1" />
				<Option compiler="gcc" />
				<Compiler>
					<Add option="-Wfatal-errors" />
					<Add option="-pg" />
					<Add option="-g" />
					<Add option="`wx-config  --cflags`" />
					<Add option="-include wx_pch.h" />
					<Add option="-D_DEBUG_" />
				</Compiler>
				<Linker>
					<Add option="-pg" />
					<Add option="`wx-config  --libs`" />
				</Linker>
			</Target>
			<Target title="Debug-CLI">
				<Option output="bin/Debug/DivFix++" prefix_auto="0" extension_auto="0" />
				<Option object_output="obj/Debug/" />
				<Option type="1" />
				<Option compiler="gcc" />
				<Option parameters="-i test.avi" />
				<Compiler>
					<Add option="-Wfatal-errors" />
					<Add option="-pg" />
					<Add option="-g" />
					<Add option="`wx-config  --cflags`" />
					<Add option="-include wx_pch.h" />
					<Add option="-D_DEBUG_" />
				</Compiler>
				<Linker>
					<Add option="-pg" />
					<Add option="`wx-config  --libs`" />
				</Linker>
			</Target>
			<Target title="Release">
				<Option output="bin/Release/DivFix++" prefix_auto="0" extension_auto="0" />
				<Option object_output="obj/Release/" />
				<Option type="0" />
				<Option compiler="gcc" />
				<Compiler>
					<Add option="-O2" />
					<Add option="`wx-config  --cflags`" />
					<Add option="-include wx_pch.h" />
					<Add option="-DUSE_PCH" />
				</Compiler>
				<Linker>
					<Add option="-s" />
					<Add option="`wx-config  --libs`" />
				</Linker>
			</Target>
			<Target title="Cross Win32 Release">
				<Option output="bin/Release/DivFix++.exe" prefix_auto="0" extension_auto="0" />
				<Option object_output="obj/Release/" />
				<Option type="0" />
				<Option compiler="mingw32_gcc_compiler" />
				<Option projectCompilerOptionsRelation="1" />
				<Option projectLinkerOptionsRelation="1" />
				<Option projectIncludeDirsRelation="1" />
				<Option projectResourceIncludeDirsRelation="1" />
				<Option projectLibDirsRelation="1" />
				<Compiler>
					<Add option="-O2" />
					<Add option="`/home/compile/wxWidgets-2.9.0/release-mingw32/wx-config --cflags`" />
					<Add option="-include wx_pch.h" />
					<Add option="-DUSE_PCH" />
				</Compiler>
				<ResourceCompiler>
					<Add directory="$(WXDIR)/include" />
				</ResourceCompiler>
				<Linker>
					<Add option="-s" />
					<Add option="`/home/compile/wxWidgets-2.9.0/release-mingw32/wx-config --libs`" />
				</Linker>
				<Environment>
					<Variable name="WXCONFIG" value="/home/compile/wxWidgets-2.9.0/release-mingw32/wx-config" />
					<Variable name="WXDIR" value="/home/compile/wxWidgets-2.9.0" />
				</Environment>
			</Target>
			<Target title="Cross Win64 Release">
				<Option output="bin/Release/DivFix++.exe" prefix_auto="0" extension_auto="0" />
				<Option object_output="obj/Release/" />
				<Option type="0" />
				<Option compiler="mingw64_gcc_compiler" />
				<Option projectCompilerOptionsRelation="1" />
				<Option projectLinkerOptionsRelation="1" />
				<Option projectIncludeDirsRelation="1" />
				<Option projectResourceIncludeDirsRelation="1" />
				<Option projectLibDirsRelation="1" />
				<Compiler>
					<Add option="-O2" />
					<Add option="`/home/compile/wxWidgets-2.9.0/release-mingw64/wx-config --cflags`" />
					<Add option="-include wx_pch.h" />
					<Add option="-DUSE_PCH" />
				</Compiler>
				<ResourceCompiler>
					<Add directory="$(WXDIR)/include" />
				</ResourceCompiler>
				<Linker>
					<Add option="-s" />
					<Add option="`/home/compile/wxWidgets-2.9.0/release-mingw64/wx-config --libs`" />
				</Linker>
				<Environment>
					<Variable name="WXCONFIG" value="/home/compile/wxWidgets-2.9.0/release-mingw64/wx-config" />
					<Variable name="WXDIR" value="/home/compile/wxWidgets-2.9.0" />
				</Environment>
			</Target>
		</Build>
		<Compiler>
			<Add option="-Wall" />
			<Add option="-DUSE_PCH" />
		</Compiler>
		<Unit filename="contrib/DivFix++.spec">
			<Option target="Debug" />
			<Option target="Debug-CLI" />
			<Option target="Release" />
		</Unit>
		<Unit filename="contrib/divfix++_0.34-1.dsc">
			<Option target="Debug" />
			<Option target="Debug-CLI" />
			<Option target="Release" />
		</Unit>
		<Unit filename="debian/changelog">
			<Option target="Debug" />
			<Option target="Debug-CLI" />
			<Option target="Release" />
		</Unit>
		<Unit filename="debian/compat">
			<Option target="Debug" />
			<Option target="Debug-CLI" />
			<Option target="Release" />
		</Unit>
		<Unit filename="debian/control">
			<Option target="Debug" />
			<Option target="Debug-CLI" />
			<Option target="Release" />
		</Unit>
		<Unit filename="debian/copyright">
			<Option target="Debug" />
			<Option target="Debug-CLI" />
			<Option target="Release" />
		</Unit>
		<Unit filename="debian/dirs">
			<Option target="Debug" />
			<Option target="Debug-CLI" />
			<Option target="Release" />
		</Unit>
		<Unit filename="debian/divfix++.1">
			<Option target="Debug" />
			<Option target="Debug-CLI" />
			<Option target="Release" />
		</Unit>
		<Unit filename="debian/docs">
			<Option target="Debug" />
			<Option target="Debug-CLI" />
			<Option target="Release" />
		</Unit>
		<Unit filename="debian/manpages">
			<Option target="Debug" />
			<Option target="Debug-CLI" />
			<Option target="Release" />
		</Unit>
		<Unit filename="debian/menu">
			<Option target="Debug" />
			<Option target="Debug-CLI" />
			<Option target="Release" />
		</Unit>
		<Unit filename="debian/rules">
			<Option target="Debug" />
			<Option target="Debug-CLI" />
			<Option target="Release" />
		</Unit>
		<Unit filename="docs/Change.log">
			<Option virtualFolder="Doc/" />
		</Unit>
		<Unit filename="docs/GPL.txt">
			<Option virtualFolder="Doc/" />
		</Unit>
		<Unit filename="docs/ReadMe.txt">
			<Option virtualFolder="Doc/" />
		</Unit>
		<Unit filename="locale/DivFix++-svn.pot" />
		<Unit filename="locale/cs_CZ/DivFix++.po" />
		<Unit filename="locale/de/DivFix++.po" />
		<Unit filename="locale/es/DivFix++.po" />
		<Unit filename="locale/fa/DivFix++.po" />
		<Unit filename="locale/fr/DivFix++.po" />
		<Unit filename="locale/hu/DivFix++.po" />
		<Unit filename="locale/it/DivFix++.po" />
		<Unit filename="locale/ja/DivFix++.po" />
		<Unit filename="locale/ko/DivFix++.po" />
		<Unit filename="locale/ru/DivFix++.po" />
		<Unit filename="locale/tr/DivFix++.po" />
		<Unit filename="locale/uk/DivFix++.po" />
		<Unit filename="makefile" />
		<Unit filename="resources/DivFix++.desktop" />
		<Unit filename="resources/DivFix++.icns" />
		<Unit filename="resources/DivFix++.ico" />
		<Unit filename="resources/DivFix++.png" />
		<Unit filename="resources/DivFixpp.xpm" />
		<Unit filename="resources/resource.rc">
			<Option target="Cross Win32 Release" />
			<Option target="Cross Win64 Release" />
		</Unit>
		<Unit filename="resources/wxbitbtn_log.xpm" />
		<Unit filename="resources/wxbitbtn_path.xpm" />
		<Unit filename="src/DivFix++.cpp" />
		<Unit filename="src/DivFix++.h" />
		<Unit filename="src/DivFix++App.cpp" />
		<Unit filename="src/DivFix++App.h" />
		<Unit filename="src/DivFix++Gui.cpp" />
		<Unit filename="src/DivFix++Gui.h" />
		<Unit filename="src/DivFix+2Core.cpp" />
		<Unit filename="src/DivFix+2Core.h" />
		<Unit filename="src/endian.h" />
		<Unit filename="wx_pch.h">
			<Option compile="1" />
			<Option weight="0" />
		</Unit>
		<Extensions>
			<envvars />
			<code_completion />
			<debugger />
		</Extensions>
	</Project>
</CodeBlocks_project_file>
